// !$*UTF8*$!
{
	archiveVersion = 1;
	classes = {
	};
	objectVersion = 54;
	objects = {

/* Begin PBXBuildFile section */
		00E356F31AD99517003FC87E /* MVPDeveloperTests.m in Sources */ = {isa = PBXBuildFile; fileRef = 00E356F21AD99517003FC87E /* MVPDeveloperTests.m */; };
		00F600043C2A43E584919DAB /* AnekBangla-Light.ttf in Resources */ = {isa = PBXBuildFile; fileRef = 761AC0EFB6054481BB65DF41 /* AnekBangla-Light.ttf */; };
		0410DFF315924F069BAC5466 /* DMSans-Light.ttf in Resources */ = {isa = PBXBuildFile; fileRef = 169029A362BA427E92B7CF49 /* DMSans-Light.ttf */; };
		13B07FBC1A68108700A75B9A /* AppDelegate.mm in Sources */ = {isa = PBXBuildFile; fileRef = 13B07FB01A68108700A75B9A /* AppDelegate.mm */; };
		13B07FBF1A68108700A75B9A /* Images.xcassets in Resources */ = {isa = PBXBuildFile; fileRef = 13B07FB51A68108700A75B9A /* Images.xcassets */; };
		13B07FC11A68108700A75B9A /* main.m in Sources */ = {isa = PBXBuildFile; fileRef = 13B07FB71A68108700A75B9A /* main.m */; };
		147EF4B0F9BF4FA1ACBC5D9E /* Poppins-Regular.ttf in Resources */ = {isa = PBXBuildFile; fileRef = C36E1D063A174F82BE25EAA1 /* Poppins-Regular.ttf */; };
		1908CFE14C134B51B1589807 /* AnekBangla-Bold.ttf in Resources */ = {isa = PBXBuildFile; fileRef = 0067088759AC47EBA189817A /* AnekBangla-Bold.ttf */; };
		1C928B4055BA433098BA6F10 /* DMSans-SemiBold.ttf in Resources */ = {isa = PBXBuildFile; fileRef = 6FD7313E54794AFC8536B3BE /* DMSans-SemiBold.ttf */; };
		20CC345357214C01BD309790 /* Montserrat-Regular.ttf in Resources */ = {isa = PBXBuildFile; fileRef = 069123F382CF46968A38E726 /* Montserrat-Regular.ttf */; };
		2F259BA0204549CF8A6AD481 /* Modak-Regular.ttf in Resources */ = {isa = PBXBuildFile; fileRef = 503C4F4A3F2B4185A49E30E7 /* Modak-Regular.ttf */; };
		32976B2EB8B3428B84D9C60A /* Montserrat-Italic.ttf in Resources */ = {isa = PBXBuildFile; fileRef = C16244B066184C72874FD961 /* Montserrat-Italic.ttf */; };
		3972E57D206A434020E02DAA /* Pods_MVPDeveloper_MVPDeveloperTests.framework in Frameworks */ = {isa = PBXBuildFile; fileRef = FAD47E4E285803BA07C556F1 /* Pods_MVPDeveloper_MVPDeveloperTests.framework */; };
		45A10A885C2D43FCA91FB87D /* DMSans-Black.ttf in Resources */ = {isa = PBXBuildFile; fileRef = 0EEFC80CEC1E4BAE91A0E349 /* DMSans-Black.ttf */; };
		46AAD1A3C3F44CCF8886C90F /* Poppins-Bold.ttf in Resources */ = {isa = PBXBuildFile; fileRef = AED93526E94446CC892C7871 /* Poppins-Bold.ttf */; };
		524519902B0678BD003FC166 /* StoreKit.framework in Frameworks */ = {isa = PBXBuildFile; fileRef = 5245198F2B0678BD003FC166 /* StoreKit.framework */; };
		5261E59A2B2A3949003C1DD7 /* GoogleService-Info.plist in Resources */ = {isa = PBXBuildFile; fileRef = 5261E5992B2A3949003C1DD7 /* GoogleService-Info.plist */; };
		5272BE972ADF16B000A2349C /* Fontisto.ttf in Resources */ = {isa = PBXBuildFile; fileRef = 5272BE842ADF16AF00A2349C /* Fontisto.ttf */; };
		5272BE982ADF16B000A2349C /* Octicons.ttf in Resources */ = {isa = PBXBuildFile; fileRef = 5272BE852ADF16AF00A2349C /* Octicons.ttf */; };
		5272BE992ADF16B000A2349C /* Feather.ttf in Resources */ = {isa = PBXBuildFile; fileRef = 5272BE862ADF16AF00A2349C /* Feather.ttf */; };
		5272BE9A2ADF16B000A2349C /* FontAwesome6_Regular.ttf in Resources */ = {isa = PBXBuildFile; fileRef = 5272BE872ADF16B000A2349C /* FontAwesome6_Regular.ttf */; };
		5272BE9B2ADF16B000A2349C /* Entypo.ttf in Resources */ = {isa = PBXBuildFile; fileRef = 5272BE882ADF16B000A2349C /* Entypo.ttf */; };
		5272BE9C2ADF16B000A2349C /* FontAwesome5_Brands.ttf in Resources */ = {isa = PBXBuildFile; fileRef = 5272BE892ADF16B000A2349C /* FontAwesome5_Brands.ttf */; };
		5272BE9D2ADF16B000A2349C /* MaterialCommunityIcons.ttf in Resources */ = {isa = PBXBuildFile; fileRef = 5272BE8A2ADF16B000A2349C /* MaterialCommunityIcons.ttf */; };
		5272BE9E2ADF16B000A2349C /* AntDesign.ttf in Resources */ = {isa = PBXBuildFile; fileRef = 5272BE8B2ADF16B000A2349C /* AntDesign.ttf */; };
		5272BE9F2ADF16B000A2349C /* Foundation.ttf in Resources */ = {isa = PBXBuildFile; fileRef = 5272BE8C2ADF16B000A2349C /* Foundation.ttf */; };
		5272BEA02ADF16B000A2349C /* Ionicons.ttf in Resources */ = {isa = PBXBuildFile; fileRef = 5272BE8D2ADF16B000A2349C /* Ionicons.ttf */; };
		5272BEA12ADF16B000A2349C /* FontAwesome5_Solid.ttf in Resources */ = {isa = PBXBuildFile; fileRef = 5272BE8E2ADF16B000A2349C /* FontAwesome5_Solid.ttf */; };
		5272BEA22ADF16B000A2349C /* FontAwesome5_Regular.ttf in Resources */ = {isa = PBXBuildFile; fileRef = 5272BE8F2ADF16B000A2349C /* FontAwesome5_Regular.ttf */; };
		5272BEA32ADF16B000A2349C /* FontAwesome.ttf in Resources */ = {isa = PBXBuildFile; fileRef = 5272BE902ADF16B000A2349C /* FontAwesome.ttf */; };
		5272BEA42ADF16B000A2349C /* Zocial.ttf in Resources */ = {isa = PBXBuildFile; fileRef = 5272BE912ADF16B000A2349C /* Zocial.ttf */; };
		5272BEA52ADF16B000A2349C /* EvilIcons.ttf in Resources */ = {isa = PBXBuildFile; fileRef = 5272BE922ADF16B000A2349C /* EvilIcons.ttf */; };
		5272BEA62ADF16B000A2349C /* FontAwesome6_Solid.ttf in Resources */ = {isa = PBXBuildFile; fileRef = 5272BE932ADF16B000A2349C /* FontAwesome6_Solid.ttf */; };
		5272BEA72ADF16B000A2349C /* SimpleLineIcons.ttf in Resources */ = {isa = PBXBuildFile; fileRef = 5272BE942ADF16B000A2349C /* SimpleLineIcons.ttf */; };
		5272BEA82ADF16B000A2349C /* FontAwesome6_Brands.ttf in Resources */ = {isa = PBXBuildFile; fileRef = 5272BE952ADF16B000A2349C /* FontAwesome6_Brands.ttf */; };
		5272BEA92ADF16B000A2349C /* MaterialIcons.ttf in Resources */ = {isa = PBXBuildFile; fileRef = 5272BE962ADF16B000A2349C /* MaterialIcons.ttf */; };
		664E61DA6D1A49D7B9BAED06 /* Poppins-Thin.ttf in Resources */ = {isa = PBXBuildFile; fileRef = 26B5E08C88C842C19511E1E6 /* Poppins-Thin.ttf */; };
		675F314B589F4BCA84AEABF7 /* AnekBangla-Regular.ttf in Resources */ = {isa = PBXBuildFile; fileRef = 4D67536E4E4C408DB0E5722B /* AnekBangla-Regular.ttf */; };
		6B3420A11C1D491BBAB1ABE5 /* AnekBangla-Medium.ttf in Resources */ = {isa = PBXBuildFile; fileRef = 57C4926743E94CE7829DF1AC /* AnekBangla-Medium.ttf */; };
		7CEFF6224C6E4FA890CDB6F0 /* DMSans-Regular.ttf in Resources */ = {isa = PBXBuildFile; fileRef = F78F8B03AB6146069B6EA747 /* DMSans-Regular.ttf */; };
		7FF7F34F24B148AFAC5BF4CB /* Montserrat-SemiBold.ttf in Resources */ = {isa = PBXBuildFile; fileRef = 79FAAB329AC340A08B7CAA3B /* Montserrat-SemiBold.ttf */; };
		81AB9BB82411601600AC10FF /* LaunchScreen.storyboard in Resources */ = {isa = PBXBuildFile; fileRef = 81AB9BB72411601600AC10FF /* LaunchScreen.storyboard */; };
		88690BD00EBA42D09CE97624 /* DMSans-ExtraBold.ttf in Resources */ = {isa = PBXBuildFile; fileRef = F4E6D7C5B1CF41C5867A9CEE /* DMSans-ExtraBold.ttf */; };
		895F631675C45BECD2E22831 /* Pods_MVPDeveloper.framework in Frameworks */ = {isa = PBXBuildFile; fileRef = CD31E801EC310FB16DAD2EF0 /* Pods_MVPDeveloper.framework */; };
		8A6D0D0B611A40DCA3659BE0 /* Poppins-SemiBold.ttf in Resources */ = {isa = PBXBuildFile; fileRef = A1AC917B03C44DF692CFDC92 /* Poppins-SemiBold.ttf */; };
		90B7A735251B4547B12FDF4F /* Montserrat-Bold.ttf in Resources */ = {isa = PBXBuildFile; fileRef = 5580F277329B4F8BA9F4B343 /* Montserrat-Bold.ttf */; };
		A0D49927FF634417A48A8440 /* AnekBangla-SemiBold.ttf in Resources */ = {isa = PBXBuildFile; fileRef = 38CC8AEADFAC4EAC8C070385 /* AnekBangla-SemiBold.ttf */; };
		A920991AABAF4DD6B53A5586 /* Montserrat-Thin.ttf in Resources */ = {isa = PBXBuildFile; fileRef = 0C465284A4E94C0198E0C751 /* Montserrat-Thin.ttf */; };
		BE25E4CDABBC45AE9EE04283 /* DMSans-Medium.ttf in Resources */ = {isa = PBXBuildFile; fileRef = 4E96BD5A56D14C5F9DCDE843 /* DMSans-Medium.ttf */; };
		C0370F987D784DD499F3FEF0 /* Poppins-Light.ttf in Resources */ = {isa = PBXBuildFile; fileRef = 2A29F42E1D104761902E4A0E /* Poppins-Light.ttf */; };
		CF3D53637F874D1EA16C45B9 /* DMSans-Thin.ttf in Resources */ = {isa = PBXBuildFile; fileRef = 02462F63636B46F299BAE5E0 /* DMSans-Thin.ttf */; };
		DDE383F515544F238555473B /* DMSans-Bold.ttf in Resources */ = {isa = PBXBuildFile; fileRef = DEA601F9A63745CCBC3752BD /* DMSans-Bold.ttf */; };
		E24586985D6F4CDAAD3B7293 /* Poppins-Black.ttf in Resources */ = {isa = PBXBuildFile; fileRef = 9DCB06DE0B0042EBA2EEDE82 /* Poppins-Black.ttf */; };
		EF526F32689B460DBF888C92 /* Montserrat-Black.ttf in Resources */ = {isa = PBXBuildFile; fileRef = DBDA8FA796EE48428A84E739 /* Montserrat-Black.ttf */; };
		F1D71D07448E4AF9A2652BD0 /* Montserrat-Light.ttf in Resources */ = {isa = PBXBuildFile; fileRef = 264302B4DCA74D7BA56306B4 /* Montserrat-Light.ttf */; };
		F91FA34E823948B28940543B /* Poppins-Medium.ttf in Resources */ = {isa = PBXBuildFile; fileRef = C1729F2A53D442DC9FF26986 /* Poppins-Medium.ttf */; };
		F97F28B61BC84D7184DA0E3E /* Montserrat-Medium.ttf in Resources */ = {isa = PBXBuildFile; fileRef = A74DC727F50A419DAB347EFD /* Montserrat-Medium.ttf */; };
		FB7DE29BC0714A78AE5690CB /* Poppins-Italic.ttf in Resources */ = {isa = PBXBuildFile; fileRef = 72AF61F1783A4800B6F2E87D /* Poppins-Italic.ttf */; };
		FFBB47550050439996CD7D0C /* AnekBangla-Thin.ttf in Resources */ = {isa = PBXBuildFile; fileRef = BB4CB8BE23DE4AFF83AF2618 /* AnekBangla-Thin.ttf */; };
/* End PBXBuildFile section */

/* Begin PBXContainerItemProxy section */
		00E356F41AD99517003FC87E /* PBXContainerItemProxy */ = {
			isa = PBXContainerItemProxy;
			containerPortal = 83CBB9F71A601CBA00E9B192 /* Project object */;
			proxyType = 1;
			remoteGlobalIDString = 13B07F861A680F5B00A75B9A;
			remoteInfo = MVPDeveloper;
		};
/* End PBXContainerItemProxy section */

/* Begin PBXFileReference section */
		0067088759AC47EBA189817A /* AnekBangla-Bold.ttf */ = {isa = PBXFileReference; explicitFileType = undefined; fileEncoding = 9; includeInIndex = 0; lastKnownFileType = unknown; name = "AnekBangla-Bold.ttf"; path = "../assets/fonts/AnekBangla-Bold.ttf"; sourceTree = "<group>"; };
		00E356EE1AD99517003FC87E /* MVPDeveloperTests.xctest */ = {isa = PBXFileReference; explicitFileType = wrapper.cfbundle; includeInIndex = 0; path = MVPDeveloperTests.xctest; sourceTree = BUILT_PRODUCTS_DIR; };
		00E356F11AD99517003FC87E /* Info.plist */ = {isa = PBXFileReference; lastKnownFileType = text.plist.xml; path = Info.plist; sourceTree = "<group>"; };
		00E356F21AD99517003FC87E /* MVPDeveloperTests.m */ = {isa = PBXFileReference; lastKnownFileType = sourcecode.c.objc; path = MVPDeveloperTests.m; sourceTree = "<group>"; };
		02462F63636B46F299BAE5E0 /* DMSans-Thin.ttf */ = {isa = PBXFileReference; explicitFileType = undefined; fileEncoding = 9; includeInIndex = 0; lastKnownFileType = unknown; name = "DMSans-Thin.ttf"; path = "../assets/fonts/DMSans-Thin.ttf"; sourceTree = "<group>"; };
		069123F382CF46968A38E726 /* Montserrat-Regular.ttf */ = {isa = PBXFileReference; explicitFileType = undefined; fileEncoding = 9; includeInIndex = 0; lastKnownFileType = unknown; name = "Montserrat-Regular.ttf"; path = "../assets/fonts/Montserrat-Regular.ttf"; sourceTree = "<group>"; };
		0C465284A4E94C0198E0C751 /* Montserrat-Thin.ttf */ = {isa = PBXFileReference; explicitFileType = undefined; fileEncoding = 9; includeInIndex = 0; lastKnownFileType = unknown; name = "Montserrat-Thin.ttf"; path = "../assets/fonts/Montserrat-Thin.ttf"; sourceTree = "<group>"; };
		0EEFC80CEC1E4BAE91A0E349 /* DMSans-Black.ttf */ = {isa = PBXFileReference; explicitFileType = undefined; fileEncoding = 9; includeInIndex = 0; lastKnownFileType = unknown; name = "DMSans-Black.ttf"; path = "../assets/fonts/DMSans-Black.ttf"; sourceTree = "<group>"; };
		13B07F961A680F5B00A75B9A /* MVPDeveloper.app */ = {isa = PBXFileReference; explicitFileType = wrapper.application; includeInIndex = 0; path = MVPDeveloper.app; sourceTree = BUILT_PRODUCTS_DIR; };
		13B07FAF1A68108700A75B9A /* AppDelegate.h */ = {isa = PBXFileReference; fileEncoding = 4; lastKnownFileType = sourcecode.c.h; name = AppDelegate.h; path = MVPDeveloper/AppDelegate.h; sourceTree = "<group>"; };
		13B07FB01A68108700A75B9A /* AppDelegate.mm */ = {isa = PBXFileReference; fileEncoding = 4; lastKnownFileType = sourcecode.cpp.objcpp; name = AppDelegate.mm; path = MVPDeveloper/AppDelegate.mm; sourceTree = "<group>"; };
		13B07FB51A68108700A75B9A /* Images.xcassets */ = {isa = PBXFileReference; lastKnownFileType = folder.assetcatalog; name = Images.xcassets; path = MVPDeveloper/Images.xcassets; sourceTree = "<group>"; };
		13B07FB61A68108700A75B9A /* Info.plist */ = {isa = PBXFileReference; fileEncoding = 4; lastKnownFileType = text.plist.xml; name = Info.plist; path = MVPDeveloper/Info.plist; sourceTree = "<group>"; };
		13B07FB71A68108700A75B9A /* main.m */ = {isa = PBXFileReference; fileEncoding = 4; lastKnownFileType = sourcecode.c.objc; name = main.m; path = MVPDeveloper/main.m; sourceTree = "<group>"; };
		169029A362BA427E92B7CF49 /* DMSans-Light.ttf */ = {isa = PBXFileReference; explicitFileType = undefined; fileEncoding = 9; includeInIndex = 0; lastKnownFileType = unknown; name = "DMSans-Light.ttf"; path = "../assets/fonts/DMSans-Light.ttf"; sourceTree = "<group>"; };
		264302B4DCA74D7BA56306B4 /* Montserrat-Light.ttf */ = {isa = PBXFileReference; explicitFileType = undefined; fileEncoding = 9; includeInIndex = 0; lastKnownFileType = unknown; name = "Montserrat-Light.ttf"; path = "../assets/fonts/Montserrat-Light.ttf"; sourceTree = "<group>"; };
		26B5E08C88C842C19511E1E6 /* Poppins-Thin.ttf */ = {isa = PBXFileReference; explicitFileType = undefined; fileEncoding = 9; includeInIndex = 0; lastKnownFileType = unknown; name = "Poppins-Thin.ttf"; path = "../assets/fonts/Poppins-Thin.ttf"; sourceTree = "<group>"; };
		2A29F42E1D104761902E4A0E /* Poppins-Light.ttf */ = {isa = PBXFileReference; explicitFileType = undefined; fileEncoding = 9; includeInIndex = 0; lastKnownFileType = unknown; name = "Poppins-Light.ttf"; path = "../assets/fonts/Poppins-Light.ttf"; sourceTree = "<group>"; };
		38CC8AEADFAC4EAC8C070385 /* AnekBangla-SemiBold.ttf */ = {isa = PBXFileReference; explicitFileType = undefined; fileEncoding = 9; includeInIndex = 0; lastKnownFileType = unknown; name = "AnekBangla-SemiBold.ttf"; path = "../assets/fonts/AnekBangla-SemiBold.ttf"; sourceTree = "<group>"; };
		3B4392A12AC88292D35C810B /* Pods-MVPDeveloper.debug.xcconfig */ = {isa = PBXFileReference; includeInIndex = 1; lastKnownFileType = text.xcconfig; name = "Pods-MVPDeveloper.debug.xcconfig"; path = "Target Support Files/Pods-MVPDeveloper/Pods-MVPDeveloper.debug.xcconfig"; sourceTree = "<group>"; };
		4D67536E4E4C408DB0E5722B /* AnekBangla-Regular.ttf */ = {isa = PBXFileReference; explicitFileType = undefined; fileEncoding = 9; includeInIndex = 0; lastKnownFileType = unknown; name = "AnekBangla-Regular.ttf"; path = "../assets/fonts/AnekBangla-Regular.ttf"; sourceTree = "<group>"; };
		4E96BD5A56D14C5F9DCDE843 /* DMSans-Medium.ttf */ = {isa = PBXFileReference; explicitFileType = undefined; fileEncoding = 9; includeInIndex = 0; lastKnownFileType = unknown; name = "DMSans-Medium.ttf"; path = "../assets/fonts/DMSans-Medium.ttf"; sourceTree = "<group>"; };
		503C4F4A3F2B4185A49E30E7 /* Modak-Regular.ttf */ = {isa = PBXFileReference; explicitFileType = undefined; fileEncoding = 9; includeInIndex = 0; lastKnownFileType = unknown; name = "Modak-Regular.ttf"; path = "../assets/fonts/Modak-Regular.ttf"; sourceTree = "<group>"; };
		5245198E2B06789F003FC166 /* MVPDeveloper.entitlements */ = {isa = PBXFileReference; lastKnownFileType = text.plist.entitlements; name = MVPDeveloper.entitlements; path = MVPDeveloper/MVPDeveloper.entitlements; sourceTree = "<group>"; };
		5245198F2B0678BD003FC166 /* StoreKit.framework */ = {isa = PBXFileReference; lastKnownFileType = wrapper.framework; name = StoreKit.framework; path = System/Library/Frameworks/StoreKit.framework; sourceTree = SDKROOT; };
		5261E5992B2A3949003C1DD7 /* GoogleService-Info.plist */ = {isa = PBXFileReference; fileEncoding = 4; lastKnownFileType = text.plist.xml; path = "GoogleService-Info.plist"; sourceTree = "<group>"; };
		5272BE842ADF16AF00A2349C /* Fontisto.ttf */ = {isa = PBXFileReference; lastKnownFileType = file; path = Fontisto.ttf; sourceTree = "<group>"; };
		5272BE852ADF16AF00A2349C /* Octicons.ttf */ = {isa = PBXFileReference; lastKnownFileType = file; path = Octicons.ttf; sourceTree = "<group>"; };
		5272BE862ADF16AF00A2349C /* Feather.ttf */ = {isa = PBXFileReference; lastKnownFileType = file; path = Feather.ttf; sourceTree = "<group>"; };
		5272BE872ADF16B000A2349C /* FontAwesome6_Regular.ttf */ = {isa = PBXFileReference; lastKnownFileType = file; path = FontAwesome6_Regular.ttf; sourceTree = "<group>"; };
		5272BE882ADF16B000A2349C /* Entypo.ttf */ = {isa = PBXFileReference; lastKnownFileType = file; path = Entypo.ttf; sourceTree = "<group>"; };
		5272BE892ADF16B000A2349C /* FontAwesome5_Brands.ttf */ = {isa = PBXFileReference; lastKnownFileType = file; path = FontAwesome5_Brands.ttf; sourceTree = "<group>"; };
		5272BE8A2ADF16B000A2349C /* MaterialCommunityIcons.ttf */ = {isa = PBXFileReference; lastKnownFileType = file; path = MaterialCommunityIcons.ttf; sourceTree = "<group>"; };
		5272BE8B2ADF16B000A2349C /* AntDesign.ttf */ = {isa = PBXFileReference; lastKnownFileType = file; path = AntDesign.ttf; sourceTree = "<group>"; };
		5272BE8C2ADF16B000A2349C /* Foundation.ttf */ = {isa = PBXFileReference; lastKnownFileType = file; path = Foundation.ttf; sourceTree = "<group>"; };
		5272BE8D2ADF16B000A2349C /* Ionicons.ttf */ = {isa = PBXFileReference; lastKnownFileType = file; path = Ionicons.ttf; sourceTree = "<group>"; };
		5272BE8E2ADF16B000A2349C /* FontAwesome5_Solid.ttf */ = {isa = PBXFileReference; lastKnownFileType = file; path = FontAwesome5_Solid.ttf; sourceTree = "<group>"; };
		5272BE8F2ADF16B000A2349C /* FontAwesome5_Regular.ttf */ = {isa = PBXFileReference; lastKnownFileType = file; path = FontAwesome5_Regular.ttf; sourceTree = "<group>"; };
		5272BE902ADF16B000A2349C /* FontAwesome.ttf */ = {isa = PBXFileReference; lastKnownFileType = file; path = FontAwesome.ttf; sourceTree = "<group>"; };
		5272BE912ADF16B000A2349C /* Zocial.ttf */ = {isa = PBXFileReference; lastKnownFileType = file; path = Zocial.ttf; sourceTree = "<group>"; };
		5272BE922ADF16B000A2349C /* EvilIcons.ttf */ = {isa = PBXFileReference; lastKnownFileType = file; path = EvilIcons.ttf; sourceTree = "<group>"; };
		5272BE932ADF16B000A2349C /* FontAwesome6_Solid.ttf */ = {isa = PBXFileReference; lastKnownFileType = file; path = FontAwesome6_Solid.ttf; sourceTree = "<group>"; };
		5272BE942ADF16B000A2349C /* SimpleLineIcons.ttf */ = {isa = PBXFileReference; lastKnownFileType = file; path = SimpleLineIcons.ttf; sourceTree = "<group>"; };
		5272BE952ADF16B000A2349C /* FontAwesome6_Brands.ttf */ = {isa = PBXFileReference; lastKnownFileType = file; path = FontAwesome6_Brands.ttf; sourceTree = "<group>"; };
		5272BE962ADF16B000A2349C /* MaterialIcons.ttf */ = {isa = PBXFileReference; lastKnownFileType = file; path = MaterialIcons.ttf; sourceTree = "<group>"; };
		5580F277329B4F8BA9F4B343 /* Montserrat-Bold.ttf */ = {isa = PBXFileReference; explicitFileType = undefined; fileEncoding = 9; includeInIndex = 0; lastKnownFileType = unknown; name = "Montserrat-Bold.ttf"; path = "../assets/fonts/Montserrat-Bold.ttf"; sourceTree = "<group>"; };
		5709B34CF0A7D63546082F79 /* Pods-MVPDeveloper.release.xcconfig */ = {isa = PBXFileReference; includeInIndex = 1; lastKnownFileType = text.xcconfig; name = "Pods-MVPDeveloper.release.xcconfig"; path = "Target Support Files/Pods-MVPDeveloper/Pods-MVPDeveloper.release.xcconfig"; sourceTree = "<group>"; };
		57C4926743E94CE7829DF1AC /* AnekBangla-Medium.ttf */ = {isa = PBXFileReference; explicitFileType = undefined; fileEncoding = 9; includeInIndex = 0; lastKnownFileType = unknown; name = "AnekBangla-Medium.ttf"; path = "../assets/fonts/AnekBangla-Medium.ttf"; sourceTree = "<group>"; };
		5B7EB9410499542E8C5724F5 /* Pods-MVPDeveloper-MVPDeveloperTests.debug.xcconfig */ = {isa = PBXFileReference; includeInIndex = 1; lastKnownFileType = text.xcconfig; name = "Pods-MVPDeveloper-MVPDeveloperTests.debug.xcconfig"; path = "Target Support Files/Pods-MVPDeveloper-MVPDeveloperTests/Pods-MVPDeveloper-MVPDeveloperTests.debug.xcconfig"; sourceTree = "<group>"; };
		6FD7313E54794AFC8536B3BE /* DMSans-SemiBold.ttf */ = {isa = PBXFileReference; explicitFileType = undefined; fileEncoding = 9; includeInIndex = 0; lastKnownFileType = unknown; name = "DMSans-SemiBold.ttf"; path = "../assets/fonts/DMSans-SemiBold.ttf"; sourceTree = "<group>"; };
		72AF61F1783A4800B6F2E87D /* Poppins-Italic.ttf */ = {isa = PBXFileReference; explicitFileType = undefined; fileEncoding = 9; includeInIndex = 0; lastKnownFileType = unknown; name = "Poppins-Italic.ttf"; path = "../assets/fonts/Poppins-Italic.ttf"; sourceTree = "<group>"; };
		761AC0EFB6054481BB65DF41 /* AnekBangla-Light.ttf */ = {isa = PBXFileReference; explicitFileType = undefined; fileEncoding = 9; includeInIndex = 0; lastKnownFileType = unknown; name = "AnekBangla-Light.ttf"; path = "../assets/fonts/AnekBangla-Light.ttf"; sourceTree = "<group>"; };
		79FAAB329AC340A08B7CAA3B /* Montserrat-SemiBold.ttf */ = {isa = PBXFileReference; explicitFileType = undefined; fileEncoding = 9; includeInIndex = 0; lastKnownFileType = unknown; name = "Montserrat-SemiBold.ttf"; path = "../assets/fonts/Montserrat-SemiBold.ttf"; sourceTree = "<group>"; };
		81AB9BB72411601600AC10FF /* LaunchScreen.storyboard */ = {isa = PBXFileReference; fileEncoding = 4; lastKnownFileType = file.storyboard; name = LaunchScreen.storyboard; path = MVPDeveloper/LaunchScreen.storyboard; sourceTree = "<group>"; };
		89C6BE57DB24E9ADA2F236DE /* Pods-MVPDeveloper-MVPDeveloperTests.release.xcconfig */ = {isa = PBXFileReference; includeInIndex = 1; lastKnownFileType = text.xcconfig; name = "Pods-MVPDeveloper-MVPDeveloperTests.release.xcconfig"; path = "Target Support Files/Pods-MVPDeveloper-MVPDeveloperTests/Pods-MVPDeveloper-MVPDeveloperTests.release.xcconfig"; sourceTree = "<group>"; };
		9DCB06DE0B0042EBA2EEDE82 /* Poppins-Black.ttf */ = {isa = PBXFileReference; explicitFileType = undefined; fileEncoding = 9; includeInIndex = 0; lastKnownFileType = unknown; name = "Poppins-Black.ttf"; path = "../assets/fonts/Poppins-Black.ttf"; sourceTree = "<group>"; };
		A1AC917B03C44DF692CFDC92 /* Poppins-SemiBold.ttf */ = {isa = PBXFileReference; explicitFileType = undefined; fileEncoding = 9; includeInIndex = 0; lastKnownFileType = unknown; name = "Poppins-SemiBold.ttf"; path = "../assets/fonts/Poppins-SemiBold.ttf"; sourceTree = "<group>"; };
		A74DC727F50A419DAB347EFD /* Montserrat-Medium.ttf */ = {isa = PBXFileReference; explicitFileType = undefined; fileEncoding = 9; includeInIndex = 0; lastKnownFileType = unknown; name = "Montserrat-Medium.ttf"; path = "../assets/fonts/Montserrat-Medium.ttf"; sourceTree = "<group>"; };
		AED93526E94446CC892C7871 /* Poppins-Bold.ttf */ = {isa = PBXFileReference; explicitFileType = undefined; fileEncoding = 9; includeInIndex = 0; lastKnownFileType = unknown; name = "Poppins-Bold.ttf"; path = "../assets/fonts/Poppins-Bold.ttf"; sourceTree = "<group>"; };
		BB4CB8BE23DE4AFF83AF2618 /* AnekBangla-Thin.ttf */ = {isa = PBXFileReference; explicitFileType = undefined; fileEncoding = 9; includeInIndex = 0; lastKnownFileType = unknown; name = "AnekBangla-Thin.ttf"; path = "../assets/fonts/AnekBangla-Thin.ttf"; sourceTree = "<group>"; };
		C16244B066184C72874FD961 /* Montserrat-Italic.ttf */ = {isa = PBXFileReference; explicitFileType = undefined; fileEncoding = 9; includeInIndex = 0; lastKnownFileType = unknown; name = "Montserrat-Italic.ttf"; path = "../assets/fonts/Montserrat-Italic.ttf"; sourceTree = "<group>"; };
		C1729F2A53D442DC9FF26986 /* Poppins-Medium.ttf */ = {isa = PBXFileReference; explicitFileType = undefined; fileEncoding = 9; includeInIndex = 0; lastKnownFileType = unknown; name = "Poppins-Medium.ttf"; path = "../assets/fonts/Poppins-Medium.ttf"; sourceTree = "<group>"; };
		C36E1D063A174F82BE25EAA1 /* Poppins-Regular.ttf */ = {isa = PBXFileReference; explicitFileType = undefined; fileEncoding = 9; includeInIndex = 0; lastKnownFileType = unknown; name = "Poppins-Regular.ttf"; path = "../assets/fonts/Poppins-Regular.ttf"; sourceTree = "<group>"; };
		CD31E801EC310FB16DAD2EF0 /* Pods_MVPDeveloper.framework */ = {isa = PBXFileReference; explicitFileType = wrapper.framework; includeInIndex = 0; path = Pods_MVPDeveloper.framework; sourceTree = BUILT_PRODUCTS_DIR; };
		DBDA8FA796EE48428A84E739 /* Montserrat-Black.ttf */ = {isa = PBXFileReference; explicitFileType = undefined; fileEncoding = 9; includeInIndex = 0; lastKnownFileType = unknown; name = "Montserrat-Black.ttf"; path = "../assets/fonts/Montserrat-Black.ttf"; sourceTree = "<group>"; };
		DEA601F9A63745CCBC3752BD /* DMSans-Bold.ttf */ = {isa = PBXFileReference; explicitFileType = undefined; fileEncoding = 9; includeInIndex = 0; lastKnownFileType = unknown; name = "DMSans-Bold.ttf"; path = "../assets/fonts/DMSans-Bold.ttf"; sourceTree = "<group>"; };
		ED297162215061F000B7C4FE /* JavaScriptCore.framework */ = {isa = PBXFileReference; lastKnownFileType = wrapper.framework; name = JavaScriptCore.framework; path = System/Library/Frameworks/JavaScriptCore.framework; sourceTree = SDKROOT; };
		F4E6D7C5B1CF41C5867A9CEE /* DMSans-ExtraBold.ttf */ = {isa = PBXFileReference; explicitFileType = undefined; fileEncoding = 9; includeInIndex = 0; lastKnownFileType = unknown; name = "DMSans-ExtraBold.ttf"; path = "../assets/fonts/DMSans-ExtraBold.ttf"; sourceTree = "<group>"; };
		F78F8B03AB6146069B6EA747 /* DMSans-Regular.ttf */ = {isa = PBXFileReference; explicitFileType = undefined; fileEncoding = 9; includeInIndex = 0; lastKnownFileType = unknown; name = "DMSans-Regular.ttf"; path = "../assets/fonts/DMSans-Regular.ttf"; sourceTree = "<group>"; };
		FAD47E4E285803BA07C556F1 /* Pods_MVPDeveloper_MVPDeveloperTests.framework */ = {isa = PBXFileReference; explicitFileType = wrapper.framework; includeInIndex = 0; path = Pods_MVPDeveloper_MVPDeveloperTests.framework; sourceTree = BUILT_PRODUCTS_DIR; };
/* End PBXFileReference section */

/* Begin PBXFrameworksBuildPhase section */
		00E356EB1AD99517003FC87E /* Frameworks */ = {
			isa = PBXFrameworksBuildPhase;
			buildActionMask = 2147483647;
			files = (
				3972E57D206A434020E02DAA /* Pods_MVPDeveloper_MVPDeveloperTests.framework in Frameworks */,
			);
			runOnlyForDeploymentPostprocessing = 0;
		};
		13B07F8C1A680F5B00A75B9A /* Frameworks */ = {
			isa = PBXFrameworksBuildPhase;
			buildActionMask = 2147483647;
			files = (
				524519902B0678BD003FC166 /* StoreKit.framework in Frameworks */,
				895F631675C45BECD2E22831 /* Pods_MVPDeveloper.framework in Frameworks */,
			);
			runOnlyForDeploymentPostprocessing = 0;
		};
/* End PBXFrameworksBuildPhase section */

/* Begin PBXGroup section */
		00E356EF1AD99517003FC87E /* MVPDeveloperTests */ = {
			isa = PBXGroup;
			children = (
				00E356F21AD99517003FC87E /* MVPDeveloperTests.m */,
				00E356F01AD99517003FC87E /* Supporting Files */,
			);
			path = MVPDeveloperTests;
			sourceTree = "<group>";
		};
		00E356F01AD99517003FC87E /* Supporting Files */ = {
			isa = PBXGroup;
			children = (
				00E356F11AD99517003FC87E /* Info.plist */,
			);
			name = "Supporting Files";
			sourceTree = "<group>";
		};
		0A483C6622B541F3AC34889E /* Resources */ = {
			isa = PBXGroup;
			children = (
				0067088759AC47EBA189817A /* AnekBangla-Bold.ttf */,
				761AC0EFB6054481BB65DF41 /* AnekBangla-Light.ttf */,
				57C4926743E94CE7829DF1AC /* AnekBangla-Medium.ttf */,
				4D67536E4E4C408DB0E5722B /* AnekBangla-Regular.ttf */,
				38CC8AEADFAC4EAC8C070385 /* AnekBangla-SemiBold.ttf */,
				0EEFC80CEC1E4BAE91A0E349 /* DMSans-Black.ttf */,
				DEA601F9A63745CCBC3752BD /* DMSans-Bold.ttf */,
				F4E6D7C5B1CF41C5867A9CEE /* DMSans-ExtraBold.ttf */,
				169029A362BA427E92B7CF49 /* DMSans-Light.ttf */,
				4E96BD5A56D14C5F9DCDE843 /* DMSans-Medium.ttf */,
				F78F8B03AB6146069B6EA747 /* DMSans-Regular.ttf */,
				6FD7313E54794AFC8536B3BE /* DMSans-SemiBold.ttf */,
				503C4F4A3F2B4185A49E30E7 /* Modak-Regular.ttf */,
				264302B4DCA74D7BA56306B4 /* Montserrat-Light.ttf */,
				A74DC727F50A419DAB347EFD /* Montserrat-Medium.ttf */,
				069123F382CF46968A38E726 /* Montserrat-Regular.ttf */,
				79FAAB329AC340A08B7CAA3B /* Montserrat-SemiBold.ttf */,
				0C465284A4E94C0198E0C751 /* Montserrat-Thin.ttf */,
				AED93526E94446CC892C7871 /* Poppins-Bold.ttf */,
				72AF61F1783A4800B6F2E87D /* Poppins-Italic.ttf */,
				2A29F42E1D104761902E4A0E /* Poppins-Light.ttf */,
				C1729F2A53D442DC9FF26986 /* Poppins-Medium.ttf */,
				C36E1D063A174F82BE25EAA1 /* Poppins-Regular.ttf */,
				A1AC917B03C44DF692CFDC92 /* Poppins-SemiBold.ttf */,
				26B5E08C88C842C19511E1E6 /* Poppins-Thin.ttf */,
				BB4CB8BE23DE4AFF83AF2618 /* AnekBangla-Thin.ttf */,
				02462F63636B46F299BAE5E0 /* DMSans-Thin.ttf */,
				DBDA8FA796EE48428A84E739 /* Montserrat-Black.ttf */,
				5580F277329B4F8BA9F4B343 /* Montserrat-Bold.ttf */,
				C16244B066184C72874FD961 /* Montserrat-Italic.ttf */,
				9DCB06DE0B0042EBA2EEDE82 /* Poppins-Black.ttf */,
			);
			name = Resources;
			sourceTree = "<group>";
		};
		13B07FAE1A68108700A75B9A /* MVPDeveloper */ = {
			isa = PBXGroup;
			children = (
				5261E5992B2A3949003C1DD7 /* GoogleService-Info.plist */,
				5245198E2B06789F003FC166 /* MVPDeveloper.entitlements */,
				13B07FAF1A68108700A75B9A /* AppDelegate.h */,
				13B07FB01A68108700A75B9A /* AppDelegate.mm */,
				13B07FB51A68108700A75B9A /* Images.xcassets */,
				13B07FB61A68108700A75B9A /* Info.plist */,
				81AB9BB72411601600AC10FF /* LaunchScreen.storyboard */,
				13B07FB71A68108700A75B9A /* main.m */,
			);
			name = MVPDeveloper;
			sourceTree = "<group>";
		};
		2D16E6871FA4F8E400B85C8A /* Frameworks */ = {
			isa = PBXGroup;
			children = (
				5245198F2B0678BD003FC166 /* StoreKit.framework */,
				ED297162215061F000B7C4FE /* JavaScriptCore.framework */,
				CD31E801EC310FB16DAD2EF0 /* Pods_MVPDeveloper.framework */,
				FAD47E4E285803BA07C556F1 /* Pods_MVPDeveloper_MVPDeveloperTests.framework */,
			);
			name = Frameworks;
			sourceTree = "<group>";
		};
		5272BE832ADF16AF00A2349C /* Fonts */ = {
			isa = PBXGroup;
			children = (
				5272BE842ADF16AF00A2349C /* Fontisto.ttf */,
				5272BE852ADF16AF00A2349C /* Octicons.ttf */,
				5272BE862ADF16AF00A2349C /* Feather.ttf */,
				5272BE872ADF16B000A2349C /* FontAwesome6_Regular.ttf */,
				5272BE882ADF16B000A2349C /* Entypo.ttf */,
				5272BE892ADF16B000A2349C /* FontAwesome5_Brands.ttf */,
				5272BE8A2ADF16B000A2349C /* MaterialCommunityIcons.ttf */,
				5272BE8B2ADF16B000A2349C /* AntDesign.ttf */,
				5272BE8C2ADF16B000A2349C /* Foundation.ttf */,
				5272BE8D2ADF16B000A2349C /* Ionicons.ttf */,
				5272BE8E2ADF16B000A2349C /* FontAwesome5_Solid.ttf */,
				5272BE8F2ADF16B000A2349C /* FontAwesome5_Regular.ttf */,
				5272BE902ADF16B000A2349C /* FontAwesome.ttf */,
				5272BE912ADF16B000A2349C /* Zocial.ttf */,
				5272BE922ADF16B000A2349C /* EvilIcons.ttf */,
				5272BE932ADF16B000A2349C /* FontAwesome6_Solid.ttf */,
				5272BE942ADF16B000A2349C /* SimpleLineIcons.ttf */,
				5272BE952ADF16B000A2349C /* FontAwesome6_Brands.ttf */,
				5272BE962ADF16B000A2349C /* MaterialIcons.ttf */,
			);
			name = Fonts;
			path = "../node_modules/react-native-vector-icons/Fonts";
			sourceTree = "<group>";
		};
		832341AE1AAA6A7D00B99B32 /* Libraries */ = {
			isa = PBXGroup;
			children = (
			);
			name = Libraries;
			sourceTree = "<group>";
		};
		83CBB9F61A601CBA00E9B192 = {
			isa = PBXGroup;
			children = (
				5272BE832ADF16AF00A2349C /* Fonts */,
				13B07FAE1A68108700A75B9A /* MVPDeveloper */,
				832341AE1AAA6A7D00B99B32 /* Libraries */,
				00E356EF1AD99517003FC87E /* MVPDeveloperTests */,
				83CBBA001A601CBA00E9B192 /* Products */,
				2D16E6871FA4F8E400B85C8A /* Frameworks */,
				BBD78D7AC51CEA395F1C20DB /* Pods */,
				0A483C6622B541F3AC34889E /* Resources */,
			);
			indentWidth = 2;
			sourceTree = "<group>";
			tabWidth = 2;
			usesTabs = 0;
		};
		83CBBA001A601CBA00E9B192 /* Products */ = {
			isa = PBXGroup;
			children = (
				13B07F961A680F5B00A75B9A /* MVPDeveloper.app */,
				00E356EE1AD99517003FC87E /* MVPDeveloperTests.xctest */,
			);
			name = Products;
			sourceTree = "<group>";
		};
		BBD78D7AC51CEA395F1C20DB /* Pods */ = {
			isa = PBXGroup;
			children = (
				3B4392A12AC88292D35C810B /* Pods-MVPDeveloper.debug.xcconfig */,
				5709B34CF0A7D63546082F79 /* Pods-MVPDeveloper.release.xcconfig */,
				5B7EB9410499542E8C5724F5 /* Pods-MVPDeveloper-MVPDeveloperTests.debug.xcconfig */,
				89C6BE57DB24E9ADA2F236DE /* Pods-MVPDeveloper-MVPDeveloperTests.release.xcconfig */,
			);
			path = Pods;
			sourceTree = "<group>";
		};
/* End PBXGroup section */

/* Begin PBXNativeTarget section */
		00E356ED1AD99517003FC87E /* MVPDeveloperTests */ = {
			isa = PBXNativeTarget;
			buildConfigurationList = 00E357021AD99517003FC87E /* Build configuration list for PBXNativeTarget "MVPDeveloperTests" */;
			buildPhases = (
				A55EABD7B0C7F3A422A6CC61 /* [CP] Check Pods Manifest.lock */,
				00E356EA1AD99517003FC87E /* Sources */,
				00E356EB1AD99517003FC87E /* Frameworks */,
				00E356EC1AD99517003FC87E /* Resources */,
				C59DA0FBD6956966B86A3779 /* [CP] Embed Pods Frameworks */,
				F6A41C54EA430FDDC6A6ED99 /* [CP] Copy Pods Resources */,
			);
			buildRules = (
			);
			dependencies = (
				00E356F51AD99517003FC87E /* PBXTargetDependency */,
			);
			name = MVPDeveloperTests;
			productName = MVPDeveloperTests;
			productReference = 00E356EE1AD99517003FC87E /* MVPDeveloperTests.xctest */;
			productType = "com.apple.product-type.bundle.unit-test";
		};
		13B07F861A680F5B00A75B9A /* MVPDeveloper */ = {
			isa = PBXNativeTarget;
			buildConfigurationList = 13B07F931A680F5B00A75B9A /* Build configuration list for PBXNativeTarget "MVPDeveloper" */;
			buildPhases = (
				C38B50BA6285516D6DCD4F65 /* [CP] Check Pods Manifest.lock */,
				FD10A7F022414F080027D42C /* Start Packager */,
				13B07F871A680F5B00A75B9A /* Sources */,
				13B07F8C1A680F5B00A75B9A /* Frameworks */,
				13B07F8E1A680F5B00A75B9A /* Resources */,
				00DD1BFF1BD5951E006B06BC /* Bundle React Native code and images */,
				00EEFC60759A1932668264C0 /* [CP] Embed Pods Frameworks */,
				E235C05ADACE081382539298 /* [CP] Copy Pods Resources */,
				5ECE28220850115E0A93B60D /* [CP-User] [RNFB] Core Configuration */,
			);
			buildRules = (
			);
			dependencies = (
			);
			name = MVPDeveloper;
			productName = MVPDeveloper;
			productReference = 13B07F961A680F5B00A75B9A /* MVPDeveloper.app */;
			productType = "com.apple.product-type.application";
		};
/* End PBXNativeTarget section */

/* Begin PBXProject section */
		83CBB9F71A601CBA00E9B192 /* Project object */ = {
			isa = PBXProject;
			attributes = {
				LastUpgradeCheck = 1210;
				TargetAttributes = {
					00E356ED1AD99517003FC87E = {
						CreatedOnToolsVersion = 6.2;
						TestTargetID = 13B07F861A680F5B00A75B9A;
					};
					13B07F861A680F5B00A75B9A = {
						LastSwiftMigration = 1120;
					};
				};
			};
			buildConfigurationList = 83CBB9FA1A601CBA00E9B192 /* Build configuration list for PBXProject "MVPDeveloper" */;
			compatibilityVersion = "Xcode 12.0";
			developmentRegion = en;
			hasScannedForEncodings = 0;
			knownRegions = (
				en,
				Base,
			);
			mainGroup = 83CBB9F61A601CBA00E9B192;
			productRefGroup = 83CBBA001A601CBA00E9B192 /* Products */;
			projectDirPath = "";
			projectRoot = "";
			targets = (
				13B07F861A680F5B00A75B9A /* MVPDeveloper */,
				00E356ED1AD99517003FC87E /* MVPDeveloperTests */,
			);
		};
/* End PBXProject section */

/* Begin PBXResourcesBuildPhase section */
		00E356EC1AD99517003FC87E /* Resources */ = {
			isa = PBXResourcesBuildPhase;
			buildActionMask = 2147483647;
			files = (
			);
			runOnlyForDeploymentPostprocessing = 0;
		};
		13B07F8E1A680F5B00A75B9A /* Resources */ = {
			isa = PBXResourcesBuildPhase;
			buildActionMask = 2147483647;
			files = (
				81AB9BB82411601600AC10FF /* LaunchScreen.storyboard in Resources */,
				13B07FBF1A68108700A75B9A /* Images.xcassets in Resources */,
				1908CFE14C134B51B1589807 /* AnekBangla-Bold.ttf in Resources */,
				00F600043C2A43E584919DAB /* AnekBangla-Light.ttf in Resources */,
				5272BEA92ADF16B000A2349C /* MaterialIcons.ttf in Resources */,
				6B3420A11C1D491BBAB1ABE5 /* AnekBangla-Medium.ttf in Resources */,
				675F314B589F4BCA84AEABF7 /* AnekBangla-Regular.ttf in Resources */,
				5272BE9D2ADF16B000A2349C /* MaterialCommunityIcons.ttf in Resources */,
				A0D49927FF634417A48A8440 /* AnekBangla-SemiBold.ttf in Resources */,
				45A10A885C2D43FCA91FB87D /* DMSans-Black.ttf in Resources */,
				5272BEA12ADF16B000A2349C /* FontAwesome5_Solid.ttf in Resources */,
				5261E59A2B2A3949003C1DD7 /* GoogleService-Info.plist in Resources */,
				5272BE972ADF16B000A2349C /* Fontisto.ttf in Resources */,
				DDE383F515544F238555473B /* DMSans-Bold.ttf in Resources */,
				5272BE982ADF16B000A2349C /* Octicons.ttf in Resources */,
				5272BEA42ADF16B000A2349C /* Zocial.ttf in Resources */,
				88690BD00EBA42D09CE97624 /* DMSans-ExtraBold.ttf in Resources */,
				0410DFF315924F069BAC5466 /* DMSans-Light.ttf in Resources */,
				5272BEA82ADF16B000A2349C /* FontAwesome6_Brands.ttf in Resources */,
				BE25E4CDABBC45AE9EE04283 /* DMSans-Medium.ttf in Resources */,
				5272BE9F2ADF16B000A2349C /* Foundation.ttf in Resources */,
				5272BE9E2ADF16B000A2349C /* AntDesign.ttf in Resources */,
				7CEFF6224C6E4FA890CDB6F0 /* DMSans-Regular.ttf in Resources */,
				5272BEA62ADF16B000A2349C /* FontAwesome6_Solid.ttf in Resources */,
				5272BE9A2ADF16B000A2349C /* FontAwesome6_Regular.ttf in Resources */,
				1C928B4055BA433098BA6F10 /* DMSans-SemiBold.ttf in Resources */,
				2F259BA0204549CF8A6AD481 /* Modak-Regular.ttf in Resources */,
				5272BE9C2ADF16B000A2349C /* FontAwesome5_Brands.ttf in Resources */,
				F1D71D07448E4AF9A2652BD0 /* Montserrat-Light.ttf in Resources */,
				F97F28B61BC84D7184DA0E3E /* Montserrat-Medium.ttf in Resources */,
				5272BEA72ADF16B000A2349C /* SimpleLineIcons.ttf in Resources */,
				20CC345357214C01BD309790 /* Montserrat-Regular.ttf in Resources */,
				7FF7F34F24B148AFAC5BF4CB /* Montserrat-SemiBold.ttf in Resources */,
				A920991AABAF4DD6B53A5586 /* Montserrat-Thin.ttf in Resources */,
				46AAD1A3C3F44CCF8886C90F /* Poppins-Bold.ttf in Resources */,
				FB7DE29BC0714A78AE5690CB /* Poppins-Italic.ttf in Resources */,
				5272BE9B2ADF16B000A2349C /* Entypo.ttf in Resources */,
				C0370F987D784DD499F3FEF0 /* Poppins-Light.ttf in Resources */,
				F91FA34E823948B28940543B /* Poppins-Medium.ttf in Resources */,
				5272BE992ADF16B000A2349C /* Feather.ttf in Resources */,
				147EF4B0F9BF4FA1ACBC5D9E /* Poppins-Regular.ttf in Resources */,
				5272BEA02ADF16B000A2349C /* Ionicons.ttf in Resources */,
				5272BEA52ADF16B000A2349C /* EvilIcons.ttf in Resources */,
				8A6D0D0B611A40DCA3659BE0 /* Poppins-SemiBold.ttf in Resources */,
				664E61DA6D1A49D7B9BAED06 /* Poppins-Thin.ttf in Resources */,
				FFBB47550050439996CD7D0C /* AnekBangla-Thin.ttf in Resources */,
				CF3D53637F874D1EA16C45B9 /* DMSans-Thin.ttf in Resources */,
				EF526F32689B460DBF888C92 /* Montserrat-Black.ttf in Resources */,
				5272BEA32ADF16B000A2349C /* FontAwesome.ttf in Resources */,
				90B7A735251B4547B12FDF4F /* Montserrat-Bold.ttf in Resources */,
				5272BEA22ADF16B000A2349C /* FontAwesome5_Regular.ttf in Resources */,
				32976B2EB8B3428B84D9C60A /* Montserrat-Italic.ttf in Resources */,
				E24586985D6F4CDAAD3B7293 /* Poppins-Black.ttf in Resources */,
			);
			runOnlyForDeploymentPostprocessing = 0;
		};
/* End PBXResourcesBuildPhase section */

/* Begin PBXShellScriptBuildPhase section */
		00DD1BFF1BD5951E006B06BC /* Bundle React Native code and images */ = {
			isa = PBXShellScriptBuildPhase;
			buildActionMask = 2147483647;
			files = (
			);
			inputPaths = (
				"$(SRCROOT)/.xcode.env.local",
				"$(SRCROOT)/.xcode.env",
			);
			name = "Bundle React Native code and images";
			outputPaths = (
			);
			runOnlyForDeploymentPostprocessing = 0;
			shellPath = /bin/sh;
			shellScript = "set -e\n\nWITH_ENVIRONMENT=\"../node_modules/react-native/scripts/xcode/with-environment.sh\"\nREACT_NATIVE_XCODE=\"../node_modules/react-native/scripts/react-native-xcode.sh\"\n\n/bin/sh -c \"$WITH_ENVIRONMENT $REACT_NATIVE_XCODE\"\n";
		};
		00EEFC60759A1932668264C0 /* [CP] Embed Pods Frameworks */ = {
			isa = PBXShellScriptBuildPhase;
			buildActionMask = 2147483647;
			files = (
			);
			inputFileListPaths = (
				"${PODS_ROOT}/Target Support Files/Pods-MVPDeveloper/Pods-MVPDeveloper-frameworks-${CONFIGURATION}-input-files.xcfilelist",
			);
			name = "[CP] Embed Pods Frameworks";
			outputFileListPaths = (
				"${PODS_ROOT}/Target Support Files/Pods-MVPDeveloper/Pods-MVPDeveloper-frameworks-${CONFIGURATION}-output-files.xcfilelist",
			);
			runOnlyForDeploymentPostprocessing = 0;
			shellPath = /bin/sh;
			shellScript = "\"${PODS_ROOT}/Target Support Files/Pods-MVPDeveloper/Pods-MVPDeveloper-frameworks.sh\"\n";
			showEnvVarsInLog = 0;
		};
		5ECE28220850115E0A93B60D /* [CP-User] [RNFB] Core Configuration */ = {
			isa = PBXShellScriptBuildPhase;
			buildActionMask = 2147483647;
			files = (
			);
			inputPaths = (
				"$(BUILT_PRODUCTS_DIR)/$(INFOPLIST_PATH)",
			);
			name = "[CP-User] [RNFB] Core Configuration";
			runOnlyForDeploymentPostprocessing = 0;
			shellPath = /bin/sh;
			shellScript = "#!/usr/bin/env bash\n#\n# Copyright (c) 2016-present Invertase Limited & Contributors\n#\n# Licensed under the Apache License, Version 2.0 (the \"License\");\n# you may not use this library except in compliance with the License.\n# You may obtain a copy of the License at\n#\n#   http://www.apache.org/licenses/LICENSE-2.0\n#\n# Unless required by applicable law or agreed to in writing, software\n# distributed under the License is distributed on an \"AS IS\" BASIS,\n# WITHOUT WARRANTIES OR CONDITIONS OF ANY KIND, either express or implied.\n# See the License for the specific language governing permissions and\n# limitations under the License.\n#\nset -e\n\n_MAX_LOOKUPS=2;\n_SEARCH_RESULT=''\n_RN_ROOT_EXISTS=''\n_CURRENT_LOOKUPS=1\n_JSON_ROOT=\"'react-native'\"\n_JSON_FILE_NAME='firebase.json'\n_JSON_OUTPUT_BASE64='e30=' # { }\n_CURRENT_SEARCH_DIR=${PROJECT_DIR}\n_PLIST_BUDDY=/usr/libexec/PlistBuddy\n_TARGET_PLIST=\"${BUILT_PRODUCTS_DIR}/${INFOPLIST_PATH}\"\n_DSYM_PLIST=\"${DWARF_DSYM_FOLDER_PATH}/${DWARF_DSYM_FILE_NAME}/Contents/Info.plist\"\n\n# plist arrays\n_PLIST_ENTRY_KEYS=()\n_PLIST_ENTRY_TYPES=()\n_PLIST_ENTRY_VALUES=()\n\nfunction setPlistValue {\n  echo \"info:      setting plist entry '$1' of type '$2' in file '$4'\"\n  ${_PLIST_BUDDY} -c \"Add :$1 $2 '$3'\" $4 || echo \"info:      '$1' already exists\"\n}\n\nfunction getFirebaseJsonKeyValue () {\n  if [[ ${_RN_ROOT_EXISTS} ]]; then\n    ruby -Ku -e \"require 'rubygems';require 'json'; output=JSON.parse('$1'); puts output[$_JSON_ROOT]['$2']\"\n  else\n    echo \"\"\n  fi;\n}\n\nfunction jsonBoolToYesNo () {\n  if [[ $1 == \"false\" ]]; then\n    echo \"NO\"\n  elif [[ $1 == \"true\" ]]; then\n    echo \"YES\"\n  else echo \"NO\"\n  fi\n}\n\necho \"info: -> RNFB build script started\"\necho \"info: 1) Locating ${_JSON_FILE_NAME} file:\"\n\nif [[ -z ${_CURRENT_SEARCH_DIR} ]]; then\n  _CURRENT_SEARCH_DIR=$(pwd)\nfi;\n\nwhile true; do\n  _CURRENT_SEARCH_DIR=$(dirname \"$_CURRENT_SEARCH_DIR\")\n  if [[ \"$_CURRENT_SEARCH_DIR\" == \"/\" ]] || [[ ${_CURRENT_LOOKUPS} -gt ${_MAX_LOOKUPS} ]]; then break; fi;\n  echo \"info:      ($_CURRENT_LOOKUPS of $_MAX_LOOKUPS) Searching in '$_CURRENT_SEARCH_DIR' for a ${_JSON_FILE_NAME} file.\"\n  _SEARCH_RESULT=$(find \"$_CURRENT_SEARCH_DIR\" -maxdepth 2 -name ${_JSON_FILE_NAME} -print | /usr/bin/head -n 1)\n  if [[ ${_SEARCH_RESULT} ]]; then\n    echo \"info:      ${_JSON_FILE_NAME} found at $_SEARCH_RESULT\"\n    break;\n  fi;\n  _CURRENT_LOOKUPS=$((_CURRENT_LOOKUPS+1))\ndone\n\nif [[ ${_SEARCH_RESULT} ]]; then\n  _JSON_OUTPUT_RAW=$(cat \"${_SEARCH_RESULT}\")\n  _RN_ROOT_EXISTS=$(ruby -Ku -e \"require 'rubygems';require 'json'; output=JSON.parse('$_JSON_OUTPUT_RAW'); puts output[$_JSON_ROOT]\" || echo '')\n\n  if [[ ${_RN_ROOT_EXISTS} ]]; then\n    if ! python3 --version >/dev/null 2>&1; then echo \"python3 not found, firebase.json file processing error.\" && exit 1; fi\n    _JSON_OUTPUT_BASE64=$(python3 -c 'import json,sys,base64;print(base64.b64encode(bytes(json.dumps(json.loads(open('\"'${_SEARCH_RESULT}'\"', '\"'rb'\"').read())['${_JSON_ROOT}']), '\"'utf-8'\"')).decode())' || echo \"e30=\")\n  fi\n\n  _PLIST_ENTRY_KEYS+=(\"firebase_json_raw\")\n  _PLIST_ENTRY_TYPES+=(\"string\")\n  _PLIST_ENTRY_VALUES+=(\"$_JSON_OUTPUT_BASE64\")\n\n  # config.app_data_collection_default_enabled\n  _APP_DATA_COLLECTION_ENABLED=$(getFirebaseJsonKeyValue \"$_JSON_OUTPUT_RAW\" \"app_data_collection_default_enabled\")\n  if [[ $_APP_DATA_COLLECTION_ENABLED ]]; then\n    _PLIST_ENTRY_KEYS+=(\"FirebaseDataCollectionDefaultEnabled\")\n    _PLIST_ENTRY_TYPES+=(\"bool\")\n    _PLIST_ENTRY_VALUES+=(\"$(jsonBoolToYesNo \"$_APP_DATA_COLLECTION_ENABLED\")\")\n  fi\n\n  # config.analytics_auto_collection_enabled\n  _ANALYTICS_AUTO_COLLECTION=$(getFirebaseJsonKeyValue \"$_JSON_OUTPUT_RAW\" \"analytics_auto_collection_enabled\")\n  if [[ $_ANALYTICS_AUTO_COLLECTION ]]; then\n    _PLIST_ENTRY_KEYS+=(\"FIREBASE_ANALYTICS_COLLECTION_ENABLED\")\n    _PLIST_ENTRY_TYPES+=(\"bool\")\n    _PLIST_ENTRY_VALUES+=(\"$(jsonBoolToYesNo \"$_ANALYTICS_AUTO_COLLECTION\")\")\n  fi\n\n  # config.analytics_collection_deactivated\n  _ANALYTICS_DEACTIVATED=$(getFirebaseJsonKeyValue \"$_JSON_OUTPUT_RAW\" \"analytics_collection_deactivated\")\n  if [[ $_ANALYTICS_DEACTIVATED ]]; then\n    _PLIST_ENTRY_KEYS+=(\"FIREBASE_ANALYTICS_COLLECTION_DEACTIVATED\")\n    _PLIST_ENTRY_TYPES+=(\"bool\")\n    _PLIST_ENTRY_VALUES+=(\"$(jsonBoolToYesNo \"$_ANALYTICS_DEACTIVATED\")\")\n  fi\n\n  # config.analytics_idfv_collection_enabled\n  _ANALYTICS_IDFV_COLLECTION=$(getFirebaseJsonKeyValue \"$_JSON_OUTPUT_RAW\" \"analytics_idfv_collection_enabled\")\n  if [[ $_ANALYTICS_IDFV_COLLECTION ]]; then\n    _PLIST_ENTRY_KEYS+=(\"GOOGLE_ANALYTICS_IDFV_COLLECTION_ENABLED\")\n    _PLIST_ENTRY_TYPES+=(\"bool\")\n    _PLIST_ENTRY_VALUES+=(\"$(jsonBoolToYesNo \"$_ANALYTICS_IDFV_COLLECTION\")\")\n  fi\n\n  # config.analytics_default_allow_ad_personalization_signals\n  _ANALYTICS_PERSONALIZATION=$(getFirebaseJsonKeyValue \"$_JSON_OUTPUT_RAW\" \"analytics_default_allow_ad_personalization_signals\")\n  if [[ $_ANALYTICS_PERSONALIZATION ]]; then\n    _PLIST_ENTRY_KEYS+=(\"GOOGLE_ANALYTICS_DEFAULT_ALLOW_AD_PERSONALIZATION_SIGNALS\")\n    _PLIST_ENTRY_TYPES+=(\"bool\")\n    _PLIST_ENTRY_VALUES+=(\"$(jsonBoolToYesNo \"$_ANALYTICS_PERSONALIZATION\")\")\n  fi\n\n  # config.analytics_registration_with_ad_network_enabled\n  _ANALYTICS_REGISTRATION_WITH_AD_NETWORK=$(getFirebaseJsonKeyValue \"$_JSON_OUTPUT_RAW\" \"google_analytics_registration_with_ad_network_enabled\")\n  if [[ $_ANALYTICS_REGISTRATION_WITH_AD_NETWORK ]]; then\n    _PLIST_ENTRY_KEYS+=(\"GOOGLE_ANALYTICS_REGISTRATION_WITH_AD_NETWORK_ENABLED\")\n    _PLIST_ENTRY_TYPES+=(\"bool\")\n    _PLIST_ENTRY_VALUES+=(\"$(jsonBoolToYesNo \"$_ANALYTICS_REGISTRATION_WITH_AD_NETWORK\")\")\n  fi\n\n  # config.google_analytics_automatic_screen_reporting_enabled\n  _ANALYTICS_AUTO_SCREEN_REPORTING=$(getFirebaseJsonKeyValue \"$_JSON_OUTPUT_RAW\" \"google_analytics_automatic_screen_reporting_enabled\")\n  if [[ $_ANALYTICS_AUTO_SCREEN_REPORTING ]]; then\n    _PLIST_ENTRY_KEYS+=(\"FirebaseAutomaticScreenReportingEnabled\")\n    _PLIST_ENTRY_TYPES+=(\"bool\")\n    _PLIST_ENTRY_VALUES+=(\"$(jsonBoolToYesNo \"$_ANALYTICS_AUTO_SCREEN_REPORTING\")\")\n  fi\n\n  # config.perf_auto_collection_enabled\n  _PERF_AUTO_COLLECTION=$(getFirebaseJsonKeyValue \"$_JSON_OUTPUT_RAW\" \"perf_auto_collection_enabled\")\n  if [[ $_PERF_AUTO_COLLECTION ]]; then\n    _PLIST_ENTRY_KEYS+=(\"firebase_performance_collection_enabled\")\n    _PLIST_ENTRY_TYPES+=(\"bool\")\n    _PLIST_ENTRY_VALUES+=(\"$(jsonBoolToYesNo \"$_PERF_AUTO_COLLECTION\")\")\n  fi\n\n  # config.perf_collection_deactivated\n  _PERF_DEACTIVATED=$(getFirebaseJsonKeyValue \"$_JSON_OUTPUT_RAW\" \"perf_collection_deactivated\")\n  if [[ $_PERF_DEACTIVATED ]]; then\n    _PLIST_ENTRY_KEYS+=(\"firebase_performance_collection_deactivated\")\n    _PLIST_ENTRY_TYPES+=(\"bool\")\n    _PLIST_ENTRY_VALUES+=(\"$(jsonBoolToYesNo \"$_PERF_DEACTIVATED\")\")\n  fi\n\n  # config.messaging_auto_init_enabled\n  _MESSAGING_AUTO_INIT=$(getFirebaseJsonKeyValue \"$_JSON_OUTPUT_RAW\" \"messaging_auto_init_enabled\")\n  if [[ $_MESSAGING_AUTO_INIT ]]; then\n    _PLIST_ENTRY_KEYS+=(\"FirebaseMessagingAutoInitEnabled\")\n    _PLIST_ENTRY_TYPES+=(\"bool\")\n    _PLIST_ENTRY_VALUES+=(\"$(jsonBoolToYesNo \"$_MESSAGING_AUTO_INIT\")\")\n  fi\n\n  # config.in_app_messaging_auto_colllection_enabled\n  _FIAM_AUTO_INIT=$(getFirebaseJsonKeyValue \"$_JSON_OUTPUT_RAW\" \"in_app_messaging_auto_collection_enabled\")\n  if [[ $_FIAM_AUTO_INIT ]]; then\n    _PLIST_ENTRY_KEYS+=(\"FirebaseInAppMessagingAutomaticDataCollectionEnabled\")\n    _PLIST_ENTRY_TYPES+=(\"bool\")\n    _PLIST_ENTRY_VALUES+=(\"$(jsonBoolToYesNo \"$_FIAM_AUTO_INIT\")\")\n  fi\n\n  # config.app_check_token_auto_refresh\n  _APP_CHECK_TOKEN_AUTO_REFRESH=$(getFirebaseJsonKeyValue \"$_JSON_OUTPUT_RAW\" \"app_check_token_auto_refresh\")\n  if [[ $_APP_CHECK_TOKEN_AUTO_REFRESH ]]; then\n    _PLIST_ENTRY_KEYS+=(\"FirebaseAppCheckTokenAutoRefreshEnabled\")\n    _PLIST_ENTRY_TYPES+=(\"bool\")\n    _PLIST_ENTRY_VALUES+=(\"$(jsonBoolToYesNo \"$_APP_CHECK_TOKEN_AUTO_REFRESH\")\")\n  fi\n\n  # config.crashlytics_disable_auto_disabler - undocumented for now - mainly for debugging, document if becomes useful\n  _CRASHLYTICS_AUTO_DISABLE_ENABLED=$(getFirebaseJsonKeyValue \"$_JSON_OUTPUT_RAW\" \"crashlytics_disable_auto_disabler\")\n  if [[ $_CRASHLYTICS_AUTO_DISABLE_ENABLED == \"true\" ]]; then\n    echo \"Disabled Crashlytics auto disabler.\" # do nothing\n  else\n    _PLIST_ENTRY_KEYS+=(\"FirebaseCrashlyticsCollectionEnabled\")\n    _PLIST_ENTRY_TYPES+=(\"bool\")\n    _PLIST_ENTRY_VALUES+=(\"NO\")\n  fi\nelse\n  _PLIST_ENTRY_KEYS+=(\"firebase_json_raw\")\n  _PLIST_ENTRY_TYPES+=(\"string\")\n  _PLIST_ENTRY_VALUES+=(\"$_JSON_OUTPUT_BASE64\")\n  echo \"warning:   A firebase.json file was not found, whilst this file is optional it is recommended to include it to configure firebase services in React Native Firebase.\"\nfi;\n\necho \"info: 2) Injecting Info.plist entries: \"\n\n# Log out the keys we're adding\nfor i in \"${!_PLIST_ENTRY_KEYS[@]}\"; do\n  echo \"    ->  $i) ${_PLIST_ENTRY_KEYS[$i]}\" \"${_PLIST_ENTRY_TYPES[$i]}\" \"${_PLIST_ENTRY_VALUES[$i]}\"\ndone\n\nfor plist in \"${_TARGET_PLIST}\" \"${_DSYM_PLIST}\" ; do\n  if [[ -f \"${plist}\" ]]; then\n\n    # paths with spaces break the call to setPlistValue. temporarily modify\n    # the shell internal field separator variable (IFS), which normally\n    # includes spaces, to consist only of line breaks\n    oldifs=$IFS\n    IFS=\"\n\"\n\n    for i in \"${!_PLIST_ENTRY_KEYS[@]}\"; do\n      setPlistValue \"${_PLIST_ENTRY_KEYS[$i]}\" \"${_PLIST_ENTRY_TYPES[$i]}\" \"${_PLIST_ENTRY_VALUES[$i]}\" \"${plist}\"\n    done\n\n    # restore the original internal field separator value\n    IFS=$oldifs\n  else\n    echo \"warning:   A Info.plist build output file was not found (${plist})\"\n  fi\ndone\n\necho \"info: <- RNFB build script finished\"\n";
		};
		A55EABD7B0C7F3A422A6CC61 /* [CP] Check Pods Manifest.lock */ = {
			isa = PBXShellScriptBuildPhase;
			buildActionMask = 2147483647;
			files = (
			);
			inputFileListPaths = (
			);
			inputPaths = (
				"${PODS_PODFILE_DIR_PATH}/Podfile.lock",
				"${PODS_ROOT}/Manifest.lock",
			);
			name = "[CP] Check Pods Manifest.lock";
			outputFileListPaths = (
			);
			outputPaths = (
				"$(DERIVED_FILE_DIR)/Pods-MVPDeveloper-MVPDeveloperTests-checkManifestLockResult.txt",
			);
			runOnlyForDeploymentPostprocessing = 0;
			shellPath = /bin/sh;
			shellScript = "diff \"${PODS_PODFILE_DIR_PATH}/Podfile.lock\" \"${PODS_ROOT}/Manifest.lock\" > /dev/null\nif [ $? != 0 ] ; then\n    # print error to STDERR\n    echo \"error: The sandbox is not in sync with the Podfile.lock. Run 'pod install' or update your CocoaPods installation.\" >&2\n    exit 1\nfi\n# This output is used by Xcode 'outputs' to avoid re-running this script phase.\necho \"SUCCESS\" > \"${SCRIPT_OUTPUT_FILE_0}\"\n";
			showEnvVarsInLog = 0;
		};
		C38B50BA6285516D6DCD4F65 /* [CP] Check Pods Manifest.lock */ = {
			isa = PBXShellScriptBuildPhase;
			buildActionMask = 2147483647;
			files = (
			);
			inputFileListPaths = (
			);
			inputPaths = (
				"${PODS_PODFILE_DIR_PATH}/Podfile.lock",
				"${PODS_ROOT}/Manifest.lock",
			);
			name = "[CP] Check Pods Manifest.lock";
			outputFileListPaths = (
			);
			outputPaths = (
				"$(DERIVED_FILE_DIR)/Pods-MVPDeveloper-checkManifestLockResult.txt",
			);
			runOnlyForDeploymentPostprocessing = 0;
			shellPath = /bin/sh;
			shellScript = "diff \"${PODS_PODFILE_DIR_PATH}/Podfile.lock\" \"${PODS_ROOT}/Manifest.lock\" > /dev/null\nif [ $? != 0 ] ; then\n    # print error to STDERR\n    echo \"error: The sandbox is not in sync with the Podfile.lock. Run 'pod install' or update your CocoaPods installation.\" >&2\n    exit 1\nfi\n# This output is used by Xcode 'outputs' to avoid re-running this script phase.\necho \"SUCCESS\" > \"${SCRIPT_OUTPUT_FILE_0}\"\n";
			showEnvVarsInLog = 0;
		};
		C59DA0FBD6956966B86A3779 /* [CP] Embed Pods Frameworks */ = {
			isa = PBXShellScriptBuildPhase;
			buildActionMask = 2147483647;
			files = (
			);
			inputFileListPaths = (
				"${PODS_ROOT}/Target Support Files/Pods-MVPDeveloper-MVPDeveloperTests/Pods-MVPDeveloper-MVPDeveloperTests-frameworks-${CONFIGURATION}-input-files.xcfilelist",
			);
			name = "[CP] Embed Pods Frameworks";
			outputFileListPaths = (
				"${PODS_ROOT}/Target Support Files/Pods-MVPDeveloper-MVPDeveloperTests/Pods-MVPDeveloper-MVPDeveloperTests-frameworks-${CONFIGURATION}-output-files.xcfilelist",
			);
			runOnlyForDeploymentPostprocessing = 0;
			shellPath = /bin/sh;
			shellScript = "\"${PODS_ROOT}/Target Support Files/Pods-MVPDeveloper-MVPDeveloperTests/Pods-MVPDeveloper-MVPDeveloperTests-frameworks.sh\"\n";
			showEnvVarsInLog = 0;
		};
		E235C05ADACE081382539298 /* [CP] Copy Pods Resources */ = {
			isa = PBXShellScriptBuildPhase;
			buildActionMask = 2147483647;
			files = (
			);
			inputFileListPaths = (
				"${PODS_ROOT}/Target Support Files/Pods-MVPDeveloper/Pods-MVPDeveloper-resources-${CONFIGURATION}-input-files.xcfilelist",
			);
			name = "[CP] Copy Pods Resources";
			outputFileListPaths = (
				"${PODS_ROOT}/Target Support Files/Pods-MVPDeveloper/Pods-MVPDeveloper-resources-${CONFIGURATION}-output-files.xcfilelist",
			);
			runOnlyForDeploymentPostprocessing = 0;
			shellPath = /bin/sh;
			shellScript = "\"${PODS_ROOT}/Target Support Files/Pods-MVPDeveloper/Pods-MVPDeveloper-resources.sh\"\n";
			showEnvVarsInLog = 0;
		};
		F6A41C54EA430FDDC6A6ED99 /* [CP] Copy Pods Resources */ = {
			isa = PBXShellScriptBuildPhase;
			buildActionMask = 2147483647;
			files = (
			);
			inputFileListPaths = (
				"${PODS_ROOT}/Target Support Files/Pods-MVPDeveloper-MVPDeveloperTests/Pods-MVPDeveloper-MVPDeveloperTests-resources-${CONFIGURATION}-input-files.xcfilelist",
			);
			name = "[CP] Copy Pods Resources";
			outputFileListPaths = (
				"${PODS_ROOT}/Target Support Files/Pods-MVPDeveloper-MVPDeveloperTests/Pods-MVPDeveloper-MVPDeveloperTests-resources-${CONFIGURATION}-output-files.xcfilelist",
			);
			runOnlyForDeploymentPostprocessing = 0;
			shellPath = /bin/sh;
			shellScript = "\"${PODS_ROOT}/Target Support Files/Pods-MVPDeveloper-MVPDeveloperTests/Pods-MVPDeveloper-MVPDeveloperTests-resources.sh\"\n";
			showEnvVarsInLog = 0;
		};
		FD10A7F022414F080027D42C /* Start Packager */ = {
			isa = PBXShellScriptBuildPhase;
			buildActionMask = 2147483647;
			files = (
			);
			inputFileListPaths = (
			);
			inputPaths = (
			);
			name = "Start Packager";
			outputFileListPaths = (
			);
			outputPaths = (
			);
			runOnlyForDeploymentPostprocessing = 0;
			shellPath = /bin/sh;
			shellScript = "export RCT_METRO_PORT=\"${RCT_METRO_PORT:=8081}\"\necho \"export RCT_METRO_PORT=${RCT_METRO_PORT}\" > \"${SRCROOT}/../node_modules/react-native/scripts/.packager.env\"\nif [ -z \"${RCT_NO_LAUNCH_PACKAGER+xxx}\" ] ; then\n  if nc -w 5 -z localhost ${RCT_METRO_PORT} ; then\n    if ! curl -s \"http://localhost:${RCT_METRO_PORT}/status\" | grep -q \"packager-status:running\" ; then\n      echo \"Port ${RCT_METRO_PORT} already in use, packager is either not running or not running correctly\"\n      exit 2\n    fi\n  else\n    open \"$SRCROOT/../node_modules/react-native/scripts/launchPackager.command\" || echo \"Can't start packager automatically\"\n  fi\nfi\n";
			showEnvVarsInLog = 0;
		};
/* End PBXShellScriptBuildPhase section */

/* Begin PBXSourcesBuildPhase section */
		00E356EA1AD99517003FC87E /* Sources */ = {
			isa = PBXSourcesBuildPhase;
			buildActionMask = 2147483647;
			files = (
				00E356F31AD99517003FC87E /* MVPDeveloperTests.m in Sources */,
			);
			runOnlyForDeploymentPostprocessing = 0;
		};
		13B07F871A680F5B00A75B9A /* Sources */ = {
			isa = PBXSourcesBuildPhase;
			buildActionMask = 2147483647;
			files = (
				13B07FBC1A68108700A75B9A /* AppDelegate.mm in Sources */,
				13B07FC11A68108700A75B9A /* main.m in Sources */,
			);
			runOnlyForDeploymentPostprocessing = 0;
		};
/* End PBXSourcesBuildPhase section */

/* Begin PBXTargetDependency section */
		00E356F51AD99517003FC87E /* PBXTargetDependency */ = {
			isa = PBXTargetDependency;
			target = 13B07F861A680F5B00A75B9A /* MVPDeveloper */;
			targetProxy = 00E356F41AD99517003FC87E /* PBXContainerItemProxy */;
		};
/* End PBXTargetDependency section */

/* Begin XCBuildConfiguration section */
		00E356F61AD99517003FC87E /* Debug */ = {
			isa = XCBuildConfiguration;
			baseConfigurationReference = 5B7EB9410499542E8C5724F5 /* Pods-MVPDeveloper-MVPDeveloperTests.debug.xcconfig */;
			buildSettings = {
				BUNDLE_LOADER = "$(TEST_HOST)";
				DEVELOPMENT_TEAM = 7TDPD8YU2G;
				GCC_PREPROCESSOR_DEFINITIONS = (
					"DEBUG=1",
					"$(inherited)",
				);
				INFOPLIST_FILE = MVPDeveloperTests/Info.plist;
				IPHONEOS_DEPLOYMENT_TARGET = 12.4;
				LD_RUNPATH_SEARCH_PATHS = (
					"$(inherited)",
					"@executable_path/Frameworks",
					"@loader_path/Frameworks",
				);
				OTHER_LDFLAGS = (
					"-ObjC",
					"-lc++",
					"$(inherited)",
				);
				PRODUCT_BUNDLE_IDENTIFIER = zedk;
				PRODUCT_NAME = "$(TARGET_NAME)";
				TEST_HOST = "$(BUILT_PRODUCTS_DIR)/MVPDeveloper.app/MVPDeveloper";
			};
			name = Debug;
		};
		00E356F71AD99517003FC87E /* Release */ = {
			isa = XCBuildConfiguration;
			baseConfigurationReference = 89C6BE57DB24E9ADA2F236DE /* Pods-MVPDeveloper-MVPDeveloperTests.release.xcconfig */;
			buildSettings = {
				BUNDLE_LOADER = "$(TEST_HOST)";
				COPY_PHASE_STRIP = NO;
				DEVELOPMENT_TEAM = 7TDPD8YU2G;
				INFOPLIST_FILE = MVPDeveloperTests/Info.plist;
				IPHONEOS_DEPLOYMENT_TARGET = 12.4;
				LD_RUNPATH_SEARCH_PATHS = (
					"$(inherited)",
					"@executable_path/Frameworks",
					"@loader_path/Frameworks",
				);
				OTHER_LDFLAGS = (
					"-ObjC",
					"-lc++",
					"$(inherited)",
				);
				PRODUCT_BUNDLE_IDENTIFIER = zedk;
				PRODUCT_NAME = "$(TARGET_NAME)";
				TEST_HOST = "$(BUILT_PRODUCTS_DIR)/MVPDeveloper.app/MVPDeveloper";
			};
			name = Release;
		};
		13B07F941A680F5B00A75B9A /* Debug */ = {
			isa = XCBuildConfiguration;
			baseConfigurationReference = 3B4392A12AC88292D35C810B /* Pods-MVPDeveloper.debug.xcconfig */;
			buildSettings = {
				ASSETCATALOG_COMPILER_APPICON_NAME = AppIcon;
				ASSETCATALOG_COMPILER_INCLUDE_ALL_APPICON_ASSETS = YES;
				CLANG_ENABLE_MODULES = YES;
				CODE_SIGN_ENTITLEMENTS = MVPDeveloper/MVPDeveloper.entitlements;
				CURRENT_PROJECT_VERSION = 6;
				DEVELOPMENT_TEAM = 7TDPD8YU2G;
				ENABLE_BITCODE = NO;
				GENERATE_INFOPLIST_FILE = YES;
				INFOPLIST_FILE = MVPDeveloper/Info.plist;
				INFOPLIST_KEY_CFBundleDisplayName = PerformlyMVP;
				IPHONEOS_DEPLOYMENT_TARGET = 13.0;
				LD_RUNPATH_SEARCH_PATHS = (
					"$(inherited)",
					"@executable_path/Frameworks",
				);
				MARKETING_VERSION = 1.1;
				OTHER_LDFLAGS = (
					"-ObjC",
					"-lc++",
					"$(inherited)",
				);
				PRODUCT_BUNDLE_IDENTIFIER = zedk;
				PRODUCT_NAME = MVPDeveloper;
				SUPPORTED_PLATFORMS = "iphoneos iphonesimulator";
				SUPPORTS_MACCATALYST = NO;
				SUPPORTS_MAC_DESIGNED_FOR_IPHONE_IPAD = NO;
				SWIFT_OPTIMIZATION_LEVEL = "-Onone";
				SWIFT_VERSION = 5.0;
				TARGETED_DEVICE_FAMILY = 1;
				VERSIONING_SYSTEM = "apple-generic";
			};
			name = Debug;
		};
		13B07F951A680F5B00A75B9A /* Release */ = {
			isa = XCBuildConfiguration;
			baseConfigurationReference = 5709B34CF0A7D63546082F79 /* Pods-MVPDeveloper.release.xcconfig */;
			buildSettings = {
				ASSETCATALOG_COMPILER_APPICON_NAME = AppIcon;
				ASSETCATALOG_COMPILER_INCLUDE_ALL_APPICON_ASSETS = YES;
				CLANG_ENABLE_MODULES = YES;
				CODE_SIGN_ENTITLEMENTS = MVPDeveloper/MVPDeveloper.entitlements;
				CURRENT_PROJECT_VERSION = 6;
				DEVELOPMENT_TEAM = 7TDPD8YU2G;
				GENERATE_INFOPLIST_FILE = YES;
				INFOPLIST_FILE = MVPDeveloper/Info.plist;
				INFOPLIST_KEY_CFBundleDisplayName = PerformlyMVP;
				IPHONEOS_DEPLOYMENT_TARGET = 13.0;
				LD_RUNPATH_SEARCH_PATHS = (
					"$(inherited)",
					"@executable_path/Frameworks",
				);
				MARKETING_VERSION = 1.1;
				OTHER_LDFLAGS = (
					"-ObjC",
					"-lc++",
					"$(inherited)",
				);
				PRODUCT_BUNDLE_IDENTIFIER = zedk;
				PRODUCT_NAME = MVPDeveloper;
				SUPPORTED_PLATFORMS = "iphoneos iphonesimulator";
				SUPPORTS_MACCATALYST = NO;
				SUPPORTS_MAC_DESIGNED_FOR_IPHONE_IPAD = NO;
				SWIFT_VERSION = 5.0;
				TARGETED_DEVICE_FAMILY = 1;
				VERSIONING_SYSTEM = "apple-generic";
			};
			name = Release;
		};
		83CBBA201A601CBA00E9B192 /* Debug */ = {
			isa = XCBuildConfiguration;
			buildSettings = {
				ALWAYS_SEARCH_USER_PATHS = NO;
				CLANG_ANALYZER_LOCALIZABILITY_NONLOCALIZED = YES;
				CLANG_CXX_LANGUAGE_STANDARD = "c++17";
				CLANG_CXX_LIBRARY = "libc++";
				CLANG_ENABLE_MODULES = YES;
				CLANG_ENABLE_OBJC_ARC = YES;
				CLANG_WARN_BLOCK_CAPTURE_AUTORELEASING = YES;
				CLANG_WARN_BOOL_CONVERSION = YES;
				CLANG_WARN_COMMA = YES;
				CLANG_WARN_CONSTANT_CONVERSION = YES;
				CLANG_WARN_DEPRECATED_OBJC_IMPLEMENTATIONS = YES;
				CLANG_WARN_DIRECT_OBJC_ISA_USAGE = YES_ERROR;
				CLANG_WARN_EMPTY_BODY = YES;
				CLANG_WARN_ENUM_CONVERSION = YES;
				CLANG_WARN_INFINITE_RECURSION = YES;
				CLANG_WARN_INT_CONVERSION = YES;
				CLANG_WARN_NON_LITERAL_NULL_CONVERSION = YES;
				CLANG_WARN_OBJC_IMPLICIT_RETAIN_SELF = YES;
				CLANG_WARN_OBJC_LITERAL_CONVERSION = YES;
				CLANG_WARN_OBJC_ROOT_CLASS = YES_ERROR;
				CLANG_WARN_QUOTED_INCLUDE_IN_FRAMEWORK_HEADER = YES;
				CLANG_WARN_RANGE_LOOP_ANALYSIS = YES;
				CLANG_WARN_STRICT_PROTOTYPES = YES;
				CLANG_WARN_SUSPICIOUS_MOVE = YES;
				CLANG_WARN_UNREACHABLE_CODE = YES;
				CLANG_WARN__DUPLICATE_METHOD_MATCH = YES;
				"CODE_SIGN_IDENTITY[sdk=iphoneos*]" = "iPhone Developer";
				COPY_PHASE_STRIP = NO;
				ENABLE_STRICT_OBJC_MSGSEND = YES;
				ENABLE_TESTABILITY = YES;
				"EXCLUDED_ARCHS[sdk=iphonesimulator*]" = i386;
				GCC_C_LANGUAGE_STANDARD = gnu99;
				GCC_DYNAMIC_NO_PIC = NO;
				GCC_NO_COMMON_BLOCKS = YES;
				GCC_OPTIMIZATION_LEVEL = 0;
				GCC_PREPROCESSOR_DEFINITIONS = (
					"DEBUG=1",
					"$(inherited)",
				);
				GCC_SYMBOLS_PRIVATE_EXTERN = NO;
				GCC_WARN_64_TO_32_BIT_CONVERSION = YES;
				GCC_WARN_ABOUT_RETURN_TYPE = YES_ERROR;
				GCC_WARN_UNDECLARED_SELECTOR = YES;
				GCC_WARN_UNINITIALIZED_AUTOS = YES_AGGRESSIVE;
				GCC_WARN_UNUSED_FUNCTION = YES;
				GCC_WARN_UNUSED_VARIABLE = YES;
				GENERATE_INFOPLIST_FILE = NO;
				HEADER_SEARCH_PATHS = (
					"$(inherited)",
					"${PODS_CONFIGURATION_BUILD_DIR}/ReactCommon-Samples/ReactCommon_Samples.framework/Headers",
					"${PODS_CONFIGURATION_BUILD_DIR}/ReactCommon/ReactCommon.framework/Headers/react/nativemodule/core",
					"${PODS_CONFIGURATION_BUILD_DIR}/ReactCommon-Samples/ReactCommon_Samples.framework/Headers/platform/ios",
					"${PODS_CONFIGURATION_BUILD_DIR}/React-NativeModulesApple/React_NativeModulesApple.framework/Headers",
					"${PODS_CONFIGURATION_BUILD_DIR}/React-graphics/React_graphics.framework/Headers/react/renderer/graphics/platform/ios",
				);
				IPHONEOS_DEPLOYMENT_TARGET = 12.4;
				LD_RUNPATH_SEARCH_PATHS = (
					/usr/lib/swift,
					"$(inherited)",
				);
				LIBRARY_SEARCH_PATHS = (
					"\"$(SDKROOT)/usr/lib/swift\"",
					"\"$(TOOLCHAIN_DIR)/usr/lib/swift/$(PLATFORM_NAME)\"",
					"\"$(inherited)\"",
				);
				MTL_ENABLE_DEBUG_INFO = YES;
				ONLY_ACTIVE_ARCH = YES;
				OTHER_CFLAGS = "$(inherited)";
				OTHER_CPLUSPLUSFLAGS = (
					"$(OTHER_CFLAGS)",
					"-DFOLLY_NO_CONFIG",
					"-DFOLLY_MOBILE=1",
					"-DFOLLY_USE_LIBCPP=1",
				);
				REACT_NATIVE_PATH = "${PODS_ROOT}/../../node_modules/react-native";
				SDKROOT = iphoneos;
			};
			name = Debug;
		};
		83CBBA211A601CBA00E9B192 /* Release */ = {
			isa = XCBuildConfiguration;
			buildSettings = {
				ALWAYS_SEARCH_USER_PATHS = NO;
				CLANG_ANALYZER_LOCALIZABILITY_NONLOCALIZED = YES;
				CLANG_CXX_LANGUAGE_STANDARD = "c++17";
				CLANG_CXX_LIBRARY = "libc++";
				CLANG_ENABLE_MODULES = YES;
				CLANG_ENABLE_OBJC_ARC = YES;
				CLANG_WARN_BLOCK_CAPTURE_AUTORELEASING = YES;
				CLANG_WARN_BOOL_CONVERSION = YES;
				CLANG_WARN_COMMA = YES;
				CLANG_WARN_CONSTANT_CONVERSION = YES;
				CLANG_WARN_DEPRECATED_OBJC_IMPLEMENTATIONS = YES;
				CLANG_WARN_DIRECT_OBJC_ISA_USAGE = YES_ERROR;
				CLANG_WARN_EMPTY_BODY = YES;
				CLANG_WARN_ENUM_CONVERSION = YES;
				CLANG_WARN_INFINITE_RECURSION = YES;
				CLANG_WARN_INT_CONVERSION = YES;
				CLANG_WARN_NON_LITERAL_NULL_CONVERSION = YES;
				CLANG_WARN_OBJC_IMPLICIT_RETAIN_SELF = YES;
				CLANG_WARN_OBJC_LITERAL_CONVERSION = YES;
				CLANG_WARN_OBJC_ROOT_CLASS = YES_ERROR;
				CLANG_WARN_QUOTED_INCLUDE_IN_FRAMEWORK_HEADER = YES;
				CLANG_WARN_RANGE_LOOP_ANALYSIS = YES;
				CLANG_WARN_STRICT_PROTOTYPES = YES;
				CLANG_WARN_SUSPICIOUS_MOVE = YES;
				CLANG_WARN_UNREACHABLE_CODE = YES;
				CLANG_WARN__DUPLICATE_METHOD_MATCH = YES;
				"CODE_SIGN_IDENTITY[sdk=iphoneos*]" = "iPhone Developer";
				COPY_PHASE_STRIP = YES;
				ENABLE_NS_ASSERTIONS = NO;
				ENABLE_STRICT_OBJC_MSGSEND = YES;
				"EXCLUDED_ARCHS[sdk=iphonesimulator*]" = i386;
				GCC_C_LANGUAGE_STANDARD = gnu99;
				GCC_NO_COMMON_BLOCKS = YES;
				GCC_WARN_64_TO_32_BIT_CONVERSION = YES;
				GCC_WARN_ABOUT_RETURN_TYPE = YES_ERROR;
				GCC_WARN_UNDECLARED_SELECTOR = YES;
				GCC_WARN_UNINITIALIZED_AUTOS = YES_AGGRESSIVE;
				GCC_WARN_UNUSED_FUNCTION = YES;
				GCC_WARN_UNUSED_VARIABLE = YES;
				GENERATE_INFOPLIST_FILE = NO;
				HEADER_SEARCH_PATHS = (
					"$(inherited)",
					"${PODS_CONFIGURATION_BUILD_DIR}/ReactCommon-Samples/ReactCommon_Samples.framework/Headers",
					"${PODS_CONFIGURATION_BUILD_DIR}/ReactCommon/ReactCommon.framework/Headers/react/nativemodule/core",
					"${PODS_CONFIGURATION_BUILD_DIR}/ReactCommon-Samples/ReactCommon_Samples.framework/Headers/platform/ios",
					"${PODS_CONFIGURATION_BUILD_DIR}/React-NativeModulesApple/React_NativeModulesApple.framework/Headers",
					"${PODS_CONFIGURATION_BUILD_DIR}/React-graphics/React_graphics.framework/Headers/react/renderer/graphics/platform/ios",
				);
				IPHONEOS_DEPLOYMENT_TARGET = 12.4;
				LD_RUNPATH_SEARCH_PATHS = (
					/usr/lib/swift,
					"$(inherited)",
				);
				LIBRARY_SEARCH_PATHS = (
					"\"$(SDKROOT)/usr/lib/swift\"",
					"\"$(TOOLCHAIN_DIR)/usr/lib/swift/$(PLATFORM_NAME)\"",
					"\"$(inherited)\"",
				);
				MTL_ENABLE_DEBUG_INFO = NO;
				OTHER_CFLAGS = "$(inherited)";
				OTHER_CPLUSPLUSFLAGS = (
					"$(OTHER_CFLAGS)",
					"-DFOLLY_NO_CONFIG",
					"-DFOLLY_MOBILE=1",
					"-DFOLLY_USE_LIBCPP=1",
				);
				REACT_NATIVE_PATH = "${PODS_ROOT}/../../node_modules/react-native";
				SDKROOT = iphoneos;
				VALIDATE_PRODUCT = YES;
			};
			name = Release;
		};
/* End XCBuildConfiguration section */

/* Begin XCConfigurationList section */
		00E357021AD99517003FC87E /* Build configuration list for PBXNativeTarget "MVPDeveloperTests" */ = {
			isa = XCConfigurationList;
			buildConfigurations = (
				00E356F61AD99517003FC87E /* Debug */,
				00E356F71AD99517003FC87E /* Release */,
			);
			defaultConfigurationIsVisible = 0;
			defaultConfigurationName = Release;
		};
		13B07F931A680F5B00A75B9A /* Build configuration list for PBXNativeTarget "MVPDeveloper" */ = {
			isa = XCConfigurationList;
			buildConfigurations = (
				13B07F941A680F5B00A75B9A /* Debug */,
				13B07F951A680F5B00A75B9A /* Release */,
			);
			defaultConfigurationIsVisible = 0;
			defaultConfigurationName = Release;
		};
		83CBB9FA1A601CBA00E9B192 /* Build configuration list for PBXProject "MVPDeveloper" */ = {
			isa = XCConfigurationList;
			buildConfigurations = (
				83CBBA201A601CBA00E9B192 /* Debug */,
				83CBBA211A601CBA00E9B192 /* Release */,
			);
			defaultConfigurationIsVisible = 0;
			defaultConfigurationName = Release;
		};
/* End XCConfigurationList section */
	};
	rootObject = 83CBB9F71A601CBA00E9B192 /* Project object */;
}
